<?xml version="1.0" encoding="utf-8"?>
<Project ToolsVersion="4.0" xmlns="http://schemas.microsoft.com/developer/msbuild/2003">
  <ItemGroup>
    <Filter Include="Source">
      <UniqueIdentifier>{4FC737F1-C7A5-4376-A066-2A32D752A2FF}</UniqueIdentifier>
      <Extensions>cpp;c;cc;cxx;c++;cppm;ixx;def;odl;idl;hpj;bat;asm;asmx</Extensions>
    </Filter>
    <Filter Include="Source\Runtime">
      <UniqueIdentifier>{8c9f3762-3e0e-4971-af4e-e8df83d8ada2}</UniqueIdentifier>
    </Filter>
    <Filter Include="Source\Runtime\Core">
      <UniqueIdentifier>{2a364282-caf2-43f8-a9a0-817ee81dea55}</UniqueIdentifier>
    </Filter>
    <Filter Include="Shader">
      <UniqueIdentifier>{015633ac-dd91-4734-aeeb-76a384dd096f}</UniqueIdentifier>
    </Filter>
    <Filter Include="Source\Runtime\Rendering">
      <UniqueIdentifier>{a3a80823-0a19-4d49-9c56-6563149fb11c}</UniqueIdentifier>
    </Filter>
    <Filter Include="Source\Runtime\Math">
      <UniqueIdentifier>{9483d3bc-1e43-4a69-9e5d-16a4ae6ebfb3}</UniqueIdentifier>
    </Filter>
    <Filter Include="Source\Runtime\Engine">
      <UniqueIdentifier>{99c01897-05bf-43cd-9f9f-ea8a04872d62}</UniqueIdentifier>
    </Filter>
    <Filter Include="Source\Runtime\CoreUObject">
      <UniqueIdentifier>{f5b1c9d1-7d03-44dc-8d17-8975a56853fa}</UniqueIdentifier>
    </Filter>
    <Filter Include="Source\Runtime\Geometry">
      <UniqueIdentifier>{a6289691-b20a-4be6-b27a-0c57e7a01f5c}</UniqueIdentifier>
    </Filter>
    <Filter Include="Source\Runtime\Input">
      <UniqueIdentifier>{3ab891cc-31a1-4e46-850b-cd4dd3a5dcef}</UniqueIdentifier>
    </Filter>
    <Filter Include="Source\Editor">
      <UniqueIdentifier>{5ab85c01-52da-412e-953a-a9b74a09ed8a}</UniqueIdentifier>
    </Filter>
    <Filter Include="Source\ThirdParty">
      <UniqueIdentifier>{54d071d0-8efc-4fbc-b99e-4cf7ba4e7c0a}</UniqueIdentifier>
    </Filter>
    <Filter Include="Source\Editor\Application">
      <UniqueIdentifier>{c710c096-8a44-4f0b-aa47-59238fdea084}</UniqueIdentifier>
    </Filter>
    <Filter Include="Source\Editor\Core">
      <UniqueIdentifier>{27ad0d68-7275-4759-bd9a-0b7ac1ec0f3e}</UniqueIdentifier>
    </Filter>
    <Filter Include="Source\Editor\UI">
      <UniqueIdentifier>{66b7146b-e9d4-4513-ab87-851bbbc92a79}</UniqueIdentifier>
    </Filter>
    <Filter Include="Source\Editor\UI\Imgui">
      <UniqueIdentifier>{8dc61f6a-aca3-4858-bc36-8db119905dff}</UniqueIdentifier>
    </Filter>
    <Filter Include="Source\ThirdParty\Imgui">
      <UniqueIdentifier>{00e6312a-ad83-4745-8747-939a4f5be73a}</UniqueIdentifier>
    </Filter>
    <Filter Include="Source\Editor\EditorViewport">
      <UniqueIdentifier>{8c6ff7f2-40a8-46c0-9297-bbd1a85b75ec}</UniqueIdentifier>
    </Filter>
    <Filter Include="Source\ThirdParty\Json">
      <UniqueIdentifier>{4c9c9a29-5249-4fa5-bd20-4f27df236bb4}</UniqueIdentifier>
    </Filter>
  </ItemGroup>
  <ItemGroup>
    <ClCompile Include="Source\main.cpp">
      <Filter>Source</Filter>
    </ClCompile>
    <ClCompile Include="Source\Runtime\Rendering\FRenderer.cpp">
      <Filter>Source\Runtime\Rendering</Filter>
    </ClCompile>
    <ClCompile Include="Source\Runtime\CoreUObject\FUObjectArray.cpp">
      <Filter>Source\Runtime\CoreUObject</Filter>
    </ClCompile>
    <ClCompile Include="Source\Runtime\CoreUObject\UClass.cpp">
      <Filter>Source\Runtime\CoreUObject</Filter>
    </ClCompile>
    <ClCompile Include="Source\Runtime\CoreUObject\UCubeComp.cpp">
      <Filter>Source\Runtime\CoreUObject</Filter>
    </ClCompile>
    <ClCompile Include="Source\Runtime\CoreUObject\UCylinderComp.cpp">
      <Filter>Source\Runtime\CoreUObject</Filter>
    </ClCompile>
    <ClCompile Include="Source\Runtime\Rendering\FMesh.cpp">
      <Filter>Source\Runtime\Rendering</Filter>
    </ClCompile>
    <ClCompile Include="Source\Runtime\Rendering\FMaterial.cpp">
      <Filter>Source\Runtime\Rendering</Filter>
    </ClCompile>
    <ClCompile Include="Source\Runtime\Rendering\FRenderPipeline.cpp">
      <Filter>Source\Runtime\Rendering</Filter>
    </ClCompile>
    <ClCompile Include="Source\Runtime\Input\FInputManager.cpp">
      <Filter>Source\Runtime\Input</Filter>
    </ClCompile>
    <ClCompile Include="Source\Runtime\Engine\UScene.cpp">
      <Filter>Source\Runtime\Engine</Filter>
    </ClCompile>
    <ClCompile Include="Source\Runtime\Rendering\FRendereResourceLibrary.cpp">
      <Filter>Source\Runtime\Rendering</Filter>
    </ClCompile>
    <ClCompile Include="Source\Editor\UI\Imgui\FImguiManager.cpp">
      <Filter>Source\Editor\UI\Imgui</Filter>
    </ClCompile>
    <ClCompile Include="Source\Editor\UI\Imgui\FImguiControlPanelWindow.cpp">
      <Filter>Source\Editor\UI\Imgui</Filter>
    </ClCompile>
    <ClCompile Include="Source\Runtime\Input\FCameraInputController.cpp">
      <Filter>Source\Runtime\Input</Filter>
    </ClCompile>
    <ClCompile Include="Source\ThirdParty\Imgui\imgui.cpp">
      <Filter>Source\ThirdParty\Imgui</Filter>
    </ClCompile>
    <ClCompile Include="Source\ThirdParty\Imgui\imgui_demo.cpp">
      <Filter>Source\ThirdParty\Imgui</Filter>
    </ClCompile>
    <ClCompile Include="Source\ThirdParty\Imgui\imgui_draw.cpp">
      <Filter>Source\ThirdParty\Imgui</Filter>
    </ClCompile>
    <ClCompile Include="Source\ThirdParty\Imgui\imgui_impl_dx11.cpp">
      <Filter>Source\ThirdParty\Imgui</Filter>
    </ClCompile>
    <ClCompile Include="Source\ThirdParty\Imgui\imgui_impl_win32.cpp">
      <Filter>Source\ThirdParty\Imgui</Filter>
    </ClCompile>
    <ClCompile Include="Source\ThirdParty\Imgui\imgui_tables.cpp">
      <Filter>Source\ThirdParty\Imgui</Filter>
    </ClCompile>
    <ClCompile Include="Source\ThirdParty\Imgui\imgui_widgets.cpp">
      <Filter>Source\ThirdParty\Imgui</Filter>
    </ClCompile>
    <ClCompile Include="Source\Editor\UI\Imgui\FImguiPropertyWindow.cpp">
      <Filter>Source\Editor\UI\Imgui</Filter>
    </ClCompile>
    <ClCompile Include="Source\Editor\Core\FEditor.cpp">
      <Filter>Source\Editor\Core</Filter>
    </ClCompile>
    <ClCompile Include="Source\Runtime\CoreUObject\USceneComponent.cpp">
      <Filter>Source\Runtime\CoreUObject</Filter>
    </ClCompile>
    <ClCompile Include="Source\Runtime\Engine\USceneManager.cpp">
      <Filter>Source\Runtime\Engine</Filter>
    </ClCompile>
    <ClCompile Include="Source\Runtime\Engine\FTimeManager.cpp">
      <Filter>Source\Runtime\Engine</Filter>
    </ClCompile>
    <ClCompile Include="Source\Runtime\Engine\FRayCastingManager.cpp">
      <Filter>Source\Runtime\Engine</Filter>
    </ClCompile>
    <ClCompile Include="Source\Editor\Application\FEditorApplication.cpp">
      <Filter>Source\Editor\Application</Filter>
    </ClCompile>
    <ClCompile Include="Source\Editor\EditorViewport\FEditorViewport.cpp">
      <Filter>Source\Editor\EditorViewport</Filter>
    </ClCompile>
    <ClCompile Include="Source\Editor\UI\Imgui\FImguiEditorViewportWindow.cpp">
      <Filter>Source\Editor\UI\Imgui</Filter>
    </ClCompile>
    <ClCompile Include="Source\Runtime\CoreUObject\UObject.cpp">
      <Filter>Source\Runtime\CoreUObject</Filter>
    </ClCompile>
  </ItemGroup>
  <ItemGroup>
    <ClInclude Include="Source\Runtime\Rendering\FRenderer.h">
      <Filter>Source\Runtime\Rendering</Filter>
    </ClInclude>
    <ClInclude Include="Source\Runtime\Engine\UScene.h">
      <Filter>Source\Runtime\Engine</Filter>
    </ClInclude>
    <ClInclude Include="Source\Runtime\Math\FVector.h">
      <Filter>Source\Runtime\Math</Filter>
    </ClInclude>
    <ClInclude Include="Source\Runtime\Core\IntTypes.h">
      <Filter>Source\Runtime\Core</Filter>
    </ClInclude>
    <ClInclude Include="Source\Runtime\Core\TArray.h">
      <Filter>Source\Runtime\Core</Filter>
    </ClInclude>
    <ClInclude Include="Source\Runtime\Core\TFunction.h">
      <Filter>Source\Runtime\Core</Filter>
    </ClInclude>
    <ClInclude Include="Source\Runtime\Core\TMap.h">
      <Filter>Source\Runtime\Core</Filter>
    </ClInclude>
    <ClInclude Include="Source\Runtime\CoreUObject\UObject.h">
      <Filter>Source\Runtime\CoreUObject</Filter>
    </ClInclude>
    <ClInclude Include="Source\Runtime\CoreUObject\UPrimitiveComponent.h">
      <Filter>Source\Runtime\CoreUObject</Filter>
    </ClInclude>
    <ClInclude Include="Source\Runtime\CoreUObject\USceneComponent.h">
      <Filter>Source\Runtime\CoreUObject</Filter>
    </ClInclude>
    <ClInclude Include="Source\Runtime\CoreUObject\FUObjectArray.h">
      <Filter>Source\Runtime\CoreUObject</Filter>
    </ClInclude>
    <ClInclude Include="Source\Runtime\CoreUObject\UClass.h">
      <Filter>Source\Runtime\CoreUObject</Filter>
    </ClInclude>
    <ClInclude Include="Source\Runtime\Core\PointerTypes.h">
      <Filter>Source\Runtime\Core</Filter>
    </ClInclude>
    <ClInclude Include="Source\Runtime\Rendering\FMesh.h">
      <Filter>Source\Runtime\Rendering</Filter>
    </ClInclude>
    <ClInclude Include="Source\Runtime\Rendering\FMaterial.h">
      <Filter>Source\Runtime\Rendering</Filter>
    </ClInclude>
    <ClInclude Include="Source\Runtime\Rendering\Vertices.h">
      <Filter>Source\Runtime\Rendering</Filter>
    </ClInclude>
    <ClInclude Include="Source\Runtime\Core\FString.h">
      <Filter>Source\Runtime\Core</Filter>
    </ClInclude>
    <ClInclude Include="Source\Runtime\Rendering\FRenderPipeline.h">
      <Filter>Source\Runtime\Rendering</Filter>
    </ClInclude>
    <ClInclude Include="Source\Runtime\CoreUObject\UCubeComp.h">
      <Filter>Source\Runtime\CoreUObject</Filter>
    </ClInclude>
    <ClInclude Include="Source\Runtime\Geometry\FTransform.h">
      <Filter>Source\Runtime\Geometry</Filter>
    </ClInclude>
    <ClInclude Include="Source\Runtime\Math\FMatrix.h">
      <Filter>Source\Runtime\Math</Filter>
    </ClInclude>
    <ClInclude Include="Source\Runtime\Input\FInputManager.h">
      <Filter>Source\Runtime\Input</Filter>
    </ClInclude>
    <ClInclude Include="Source\Runtime\Rendering\ShaderConstants.h">
      <Filter>Source\Runtime\Rendering</Filter>
    </ClInclude>
    <ClInclude Include="Source\Runtime\Rendering\FRenderResourceLibrary.h">
      <Filter>Source\Runtime\Rendering</Filter>
    </ClInclude>
    <ClInclude Include="Source\Runtime\CoreUObject\UObjectGlobals.h">
      <Filter>Source\Runtime\CoreUObject</Filter>
    </ClInclude>
    <ClInclude Include="Source\Runtime\Math\FQuaternion.h">
      <Filter>Source\Runtime\Math</Filter>
    </ClInclude>
    <ClInclude Include="Source\Runtime\Engine\FCameraProjection.h">
      <Filter>Source\Runtime\Engine</Filter>
    </ClInclude>
    <ClInclude Include="Source\Runtime\Engine\USceneManager.h">
      <Filter>Source\Runtime\Engine</Filter>
    </ClInclude>
    <ClInclude Include="Source\Editor\Application\FEditorApplication.h">
      <Filter>Source\Editor\Application</Filter>
    </ClInclude>
    <ClInclude Include="Source\Editor\Core\FEditor.h">
      <Filter>Source\Editor\Core</Filter>
    </ClInclude>
    <ClInclude Include="Source\Editor\UI\Imgui\FImguiManager.h">
      <Filter>Source\Editor\UI\Imgui</Filter>
    </ClInclude>
    <ClInclude Include="Source\Editor\UI\Imgui\FImguiControlPanelWindow.h">
      <Filter>Source\Editor\UI\Imgui</Filter>
    </ClInclude>
    <ClInclude Include="Source\Editor\UI\Imgui\FImguiPropertyWindow.h">
      <Filter>Source\Editor\UI\Imgui</Filter>
    </ClInclude>
    <ClInclude Include="Source\Runtime\CoreUObject\UCylinderComp.h">
      <Filter>Source\Runtime\CoreUObject</Filter>
    </ClInclude>
    <ClInclude Include="Source\Runtime\Engine\FCamera.h">
      <Filter>Source\Runtime\Engine</Filter>
    </ClInclude>
    <ClInclude Include="Source\Runtime\Engine\FRayCastingManager.h">
      <Filter>Source\Runtime\Engine</Filter>
    </ClInclude>
    <ClInclude Include="Source\Runtime\Input\FCameraInputController.h">
      <Filter>Source\Runtime\Input</Filter>
    </ClInclude>
    <ClInclude Include="Source\Runtime\Math\FVector2.h">
      <Filter>Source\Runtime\Math</Filter>
    </ClInclude>
    <ClInclude Include="Source\ThirdParty\Imgui\imconfig.h">
      <Filter>Source\ThirdParty\Imgui</Filter>
    </ClInclude>
    <ClInclude Include="Source\ThirdParty\Imgui\imgui.h">
      <Filter>Source\ThirdParty\Imgui</Filter>
    </ClInclude>
    <ClInclude Include="Source\ThirdParty\Imgui\imgui_impl_dx11.h">
      <Filter>Source\ThirdParty\Imgui</Filter>
    </ClInclude>
    <ClInclude Include="Source\ThirdParty\Imgui\imgui_impl_win32.h">
      <Filter>Source\ThirdParty\Imgui</Filter>
    </ClInclude>
    <ClInclude Include="Source\ThirdParty\Imgui\imgui_internal.h">
      <Filter>Source\ThirdParty\Imgui</Filter>
    </ClInclude>
    <ClInclude Include="Source\ThirdParty\Imgui\imstb_rectpack.h">
      <Filter>Source\ThirdParty\Imgui</Filter>
    </ClInclude>
    <ClInclude Include="Source\ThirdParty\Imgui\imstb_textedit.h">
      <Filter>Source\ThirdParty\Imgui</Filter>
    </ClInclude>
    <ClInclude Include="Source\ThirdParty\Imgui\imstb_truetype.h">
      <Filter>Source\ThirdParty\Imgui</Filter>
    </ClInclude>
    <ClInclude Include="Source\Runtime\Engine\FTimeManager.h">
      <Filter>Source\Runtime\Engine</Filter>
    </ClInclude>
    <ClInclude Include="Source\Runtime\CoreUObject\UConeComp.h">
      <Filter>Source\Runtime\CoreUObject</Filter>
    </ClInclude>
    <ClInclude Include="Source\Editor\UI\Imgui\FImguiEditorViewportWindow.h">
      <Filter>Source\Editor\UI\Imgui</Filter>
    </ClInclude>
    <ClInclude Include="Source\Editor\EditorViewport\FEditorViewport.h">
      <Filter>Source\Editor\EditorViewport</Filter>
    </ClInclude>
    <ClInclude Include="Source\Runtime\Engine\FRenderView.h">
      <Filter>Source\Runtime\Engine</Filter>
    </ClInclude>
    <ClInclude Include="Source\ThirdParty\Json\json.hpp">
      <Filter>Source\ThirdParty\Json</Filter>
    </ClInclude>
  </ItemGroup>
  <ItemGroup>
    <FxCompile Include="Shader\ExamplePS.hlsl">
      <Filter>Shader</Filter>
    </FxCompile>
    <FxCompile Include="Shader\ExampleVS.hlsl">
      <Filter>Shader</Filter>
    </FxCompile>
  </ItemGroup>
  <ItemGroup>
    <None Include="Shader\Constants.hlsli">
      <Filter>Shader</Filter>
    </None>
  </ItemGroup>
</Project>
